
Microsoft Visual Studio Solution File, Format Version 12.00
# Visual Studio Version 16
VisualStudioVersion = 16.0.32228.343
MinimumVisualStudioVersion = 10.0.40219.1
Project("{8BC9CEB8-8B4A-11D0-8D11-00A0C91BC942}") = "ArduinoCoreTestDevice", "ArduinoCoreTestDevice\ArduinoCoreTestDevice.vcxproj", "{ACEB2F36-76C8-486F-8026-0FD06CBA1BFF}"
EndProject
Global
	GlobalSection(SolutionConfigurationPlatforms) = preSolution
		Debug|x64 = Debug|x64
		Release|x64 = Release|x64
	EndGlobalSection
	GlobalSection(ProjectConfigurationPlatforms) = postSolution
		{ACEB2F36-76C8-486F-8026-0FD06CBA1BFF}.Debug|x64.ActiveCfg = Debug|x64
		{ACEB2F36-76C8-486F-8026-0FD06CBA1BFF}.Debug|x64.Build.0 = Debug|x64
		{ACEB2F36-76C8-486F-8026-0FD06CBA1BFF}.Release|x64.ActiveCfg = Release|x64
		{ACEB2F36-76C8-486F-8026-0FD06CBA1BFF}.Release|x64.Build.0 = Release|x64
	EndGlobalSection
	GlobalSection(SolutionProperties) = preSolution
		HideSolutionNode = FALSE
	EndGlobalSection
	GlobalSection(ExtensibilityGlobals) = postSolution
		SolutionGuid = {BC9277F7-F45D-42E6-B079-2B4E9020AF1C}
	EndGlobalSection
EndGlobal
