<?xml version="1.0" encoding="utf-8"?>
<Project ToolsVersion="4.0" xmlns="http://schemas.microsoft.com/developer/msbuild/2003">
  <ItemGroup>
    <Filter Include="Source Files">
      <UniqueIdentifier>{4FC737F1-C7A5-4376-A066-2A32D752A2FF}</UniqueIdentifier>
      <Extensions>cpp;c;cc;cxx;c++;cppm;ixx;def;odl;idl;hpj;bat;asm;asmx</Extensions>
    </Filter>
    <Filter Include="Resource Files">
      <UniqueIdentifier>{67DA6AB6-F800-4c08-8B7A-83BB121AAD01}</UniqueIdentifier>
      <Extensions>rc;ico;cur;bmp;dlg;rc2;rct;bin;rgs;gif;jpg;jpeg;jpe;resx;tiff;tif;png;wav;mfcribbon-ms</Extensions>
    </Filter>
    <Filter Include="Header Files">
      <UniqueIdentifier>{3e69e796-c7e6-4895-a8aa-9b7012b10221}</UniqueIdentifier>
    </Filter>
  </ItemGroup>
  <ItemGroup>
    <ClCompile Include="stub.cpp">
      <Filter>Source Files</Filter>
    </ClCompile>
  </ItemGroup>
  <ItemGroup>
    <ClInclude Include="..\..\Ardulingua\src\common_rdl.h">
      <Filter>Source Files</Filter>
    </ClInclude>
    <ClInclude Include="..\..\Ardulingua\src\Delegate.h">
      <Filter>Source Files</Filter>
    </ClInclude>
    <ClInclude Include="..\..\Ardulingua\src\DeviceError.h">
      <Filter>Source Files</Filter>
    </ClInclude>
    <ClInclude Include="..\..\Ardulingua\src\DeviceProp.h">
      <Filter>Source Files</Filter>
    </ClInclude>
    <ClInclude Include="..\..\Ardulingua\src\DevicePropHelpers.h">
      <Filter>Source Files</Filter>
    </ClInclude>
    <ClInclude Include="..\..\Ardulingua\src\JsonDelegate.h">
      <Filter>Source Files</Filter>
    </ClInclude>
    <ClInclude Include="..\..\Ardulingua\src\JsonDispatch.h">
      <Filter>Source Files</Filter>
    </ClInclude>
    <ClInclude Include="..\..\Ardulingua\src\LocalProp.h">
      <Filter>Source Files</Filter>
    </ClInclude>
    <ClInclude Include="..\..\Ardulingua\src\Logger.h">
      <Filter>Source Files</Filter>
    </ClInclude>
    <ClInclude Include="..\..\Ardulingua\src\PropInfo.h">
      <Filter>Source Files</Filter>
    </ClInclude>
    <ClInclude Include="..\..\Ardulingua\src\RemoteProp.h">
      <Filter>Source Files</Filter>
    </ClInclude>
    <ClInclude Include="..\..\Ardulingua\src\ServerProperty.h">
      <Filter>Source Files</Filter>
    </ClInclude>
    <ClInclude Include="..\..\Ardulingua\src\SlipInPlace.h">
      <Filter>Source Files</Filter>
    </ClInclude>
    <ClInclude Include="..\..\Ardulingua\src\StreamAdapter.h">
      <Filter>Source Files</Filter>
    </ClInclude>
    <ClInclude Include="..\..\Ardulingua\src\Polyfills\ard_Print.h">
      <Filter>Source Files</Filter>
    </ClInclude>
    <ClInclude Include="..\..\Ardulingua\src\Polyfills\ard_Stream.h">
      <Filter>Source Files</Filter>
    </ClInclude>
    <ClInclude Include="..\..\Ardulingua\src\Polyfills\ard_string_utils.h">
      <Filter>Source Files</Filter>
    </ClInclude>
    <ClInclude Include="..\..\Ardulingua\src\Polyfills\std_type_traits.h">
      <Filter>Source Files</Filter>
    </ClInclude>
    <ClInclude Include="..\..\Ardulingua\src\Polyfills\std_utility.h">
      <Filter>Source Files</Filter>
    </ClInclude>
    <ClInclude Include="..\..\Ardulingua\src\Polyfills\sys_timing.h">
      <Filter>Source Files</Filter>
    </ClInclude>
    <ClInclude Include="..\..\Ardulingua\src\Polyfills\sys_unordered_map.h">
      <Filter>Source Files</Filter>
    </ClInclude>
  </ItemGroup>
</Project>